// !$*UTF8*$!
{
	archiveVersion = 1;
	classes = {
	};
	objectVersion = 50;
	objects = {

/* Begin PBXBuildFile section */
		5D0C6C4E2341BEA900E6C0DC /* AppDelegate.swift in Sources */ = {isa = PBXBuildFile; fileRef = 5D0C6C4D2341BEA900E6C0DC /* AppDelegate.swift */; };
		5D0C6C502341BEA900E6C0DC /* SceneDelegate.swift in Sources */ = {isa = PBXBuildFile; fileRef = 5D0C6C4F2341BEA900E6C0DC /* SceneDelegate.swift */; };
		5D0C6C522341BEA900E6C0DC /* ViewController.swift in Sources */ = {isa = PBXBuildFile; fileRef = 5D0C6C512341BEA900E6C0DC /* ViewController.swift */; };
		5D0C6C552341BEA900E6C0DC /* Main.storyboard in Resources */ = {isa = PBXBuildFile; fileRef = 5D0C6C532341BEA900E6C0DC /* Main.storyboard */; };
		5D0C6C572341BEAC00E6C0DC /* Assets.xcassets in Resources */ = {isa = PBXBuildFile; fileRef = 5D0C6C562341BEAC00E6C0DC /* Assets.xcassets */; };
		5D0C6C5A2341BEAC00E6C0DC /* LaunchScreen.storyboard in Resources */ = {isa = PBXBuildFile; fileRef = 5D0C6C582341BEAC00E6C0DC /* LaunchScreen.storyboard */; };
/* End PBXBuildFile section */

/* Begin PBXFileReference section */
		5D0C6C4A2341BEA900E6C0DC /* SignatureView.app */ = {isa = PBXFileReference; explicitFileType = wrapper.application; includeInIndex = 0; path = SignatureView.app; sourceTree = BUILT_PRODUCTS_DIR; };
		5D0C6C4D2341BEA900E6C0DC /* AppDelegate.swift */ = {isa = PBXFileReference; lastKnownFileType = sourcecode.swift; path = AppDelegate.swift; sourceTree = "<group>"; };
		5D0C6C4F2341BEA900E6C0DC /* SceneDelegate.swift */ = {isa = PBXFileReference; lastKnownFileType = sourcecode.swift; path = SceneDelegate.swift; sourceTree = "<group>"; };
		5D0C6C512341BEA900E6C0DC /* ViewController.swift */ = {isa = PBXFileReference; lastKnownFileType = sourcecode.swift; path = ViewController.swift; sourceTree = "<group>"; };
		5D0C6C542341BEA900E6C0DC /* Base */ = {isa = PBXFileReference; lastKnownFileType = file.storyboard; name = Base; path = Base.lproj/Main.storyboard; sourceTree = "<group>"; };
		5D0C6C562341BEAC00E6C0DC /* Assets.xcassets */ = {isa = PBXFileReference; lastKnownFileType = folder.assetcatalog; path = Assets.xcassets; sourceTree = "<group>"; };
		5D0C6C592341BEAC00E6C0DC /* Base */ = {isa = PBXFileReference; lastKnownFileType = file.storyboard; name = Base; path = Base.lproj/LaunchScreen.storyboard; sourceTree = "<group>"; };
		5D0C6C5B2341BEAC00E6C0DC /* Info.plist */ = {isa = PBXFileReference; lastKnownFileType = text.plist.xml; path = Info.plist; sourceTree = "<group>"; };
/* End PBXFileReference section */

/* Begin PBXFrameworksBuildPhase section */
		5D0C6C472341BEA900E6C0DC /* Frameworks */ = {
			isa = PBXFrameworksBuildPhase;
			buildActionMask = 2147483647;
			files = (
			);
			runOnlyForDeploymentPostprocessing = 0;
		};
/* End PBXFrameworksBuildPhase section */

/* Begin PBXGroup section */
		5D0C6C412341BEA900E6C0DC = {
			isa = PBXGroup;
			children = (
				5D0C6C4C2341BEA900E6C0DC /* SignatureView */,
				5D0C6C4B2341BEA900E6C0DC /* Products */,
			);
			sourceTree = "<group>";
		};
		5D0C6C4B2341BEA900E6C0DC /* Products */ = {
			isa = PBXGroup;
			children = (
				5D0C6C4A2341BEA900E6C0DC /* SignatureView.app */,
			);
			name = Products;
			sourceTree = "<group>";
		};
		5D0C6C4C2341BEA900E6C0DC /* SignatureView */ = {
			isa = PBXGroup;
			children = (
				5D0C6C4D2341BEA900E6C0DC /* AppDelegate.swift */,
				5D0C6C4F2341BEA900E6C0DC /* SceneDelegate.swift */,
				5D0C6C512341BEA900E6C0DC /* ViewController.swift */,
				5D0C6C532341BEA900E6C0DC /* Main.storyboard */,
				5D0C6C562341BEAC00E6C0DC /* Assets.xcassets */,
				5D0C6C582341BEAC00E6C0DC /* LaunchScreen.storyboard */,
				5D0C6C5B2341BEAC00E6C0DC /* Info.plist */,
			);
			path = SignatureView;
			sourceTree = "<group>";
		};
/* End PBXGroup section */

/* Begin PBXNativeTarget section */
		5D0C6C492341BEA900E6C0DC /* SignatureView */ = {
			isa = PBXNativeTarget;
			buildConfigurationList = 5D0C6C5E2341BEAC00E6C0DC /* Build configuration list for PBXNativeTarget "SignatureView" */;
			buildPhases = (
				5D0C6C462341BEA900E6C0DC /* Sources */,
				5D0C6C472341BEA900E6C0DC /* Frameworks */,
				5D0C6C482341BEA900E6C0DC /* Resources */,
			);
			buildRules = (
			);
			dependencies = (
			);
			name = SignatureView;
			productName = SignatureView;
			productReference = 5D0C6C4A2341BEA900E6C0DC /* SignatureView.app */;
			productType = "com.apple.product-type.application";
		};
/* End PBXNativeTarget section */

/* Begin PBXProject section */
		5D0C6C422341BEA900E6C0DC /* Project object */ = {
			isa = PBXProject;
			attributes = {
				LastSwiftUpdateCheck = 1100;
				LastUpgradeCheck = 1100;
				ORGANIZATIONNAME = "Christian Ampe";
				TargetAttributes = {
					5D0C6C492341BEA900E6C0DC = {
						CreatedOnToolsVersion = 11.0;
					};
				};
			};
			buildConfigurationList = 5D0C6C452341BEA900E6C0DC /* Build configuration list for PBXProject "SignatureView" */;
			compatibilityVersion = "Xcode 9.3";
			developmentRegion = en;
			hasScannedForEncodings = 0;
			knownRegions = (
				en,
				Base,
			);
			mainGroup = 5D0C6C412341BEA900E6C0DC;
			productRefGroup = 5D0C6C4B2341BEA900E6C0DC /* Products */;
			projectDirPath = "";
			projectRoot = "";
			targets = (
				5D0C6C492341BEA900E6C0DC /* SignatureView */,
			);
		};
/* End PBXProject section */

/* Begin PBXResourcesBuildPhase section */
		5D0C6C482341BEA900E6C0DC /* Resources */ = {
			isa = PBXResourcesBuildPhase;
			buildActionMask = 2147483647;
			files = (
				5D0C6C5A2341BEAC00E6C0DC /* LaunchScreen.storyboard in Resources */,
				5D0C6C572341BEAC00E6C0DC /* Assets.xcassets in Resources */,
				5D0C6C552341BEA900E6C0DC /* Main.storyboard in Resources */,
			);
			runOnlyForDeploymentPostprocessing = 0;
		};
/* End PBXResourcesBuildPhase section */

/* Begin PBXSourcesBuildPhase section */
		5D0C6C462341BEA900E6C0DC /* Sources */ = {
			isa = PBXSourcesBuildPhase;
			buildActionMask = 2147483647;
			files = (
				5D0C6C522341BEA900E6C0DC /* ViewController.swift in Sources */,
				5D0C6C4E2341BEA900E6C0DC /* AppDelegate.swift in Sources */,
				5D0C6C502341BEA900E6C0DC /* SceneDelegate.swift in Sources */,
			);
			runOnlyForDeploymentPostprocessing = 0;
		};
/* End PBXSourcesBuildPhase section */

/* Begin PBXVariantGroup section */
		5D0C6C532341BEA900E6C0DC /* Main.storyboard */ = {
			isa = PBXVariantGroup;
			children = (
				5D0C6C542341BEA900E6C0DC /* Base */,
			);
			name = Main.storyboard;
			sourceTree = "<group>";
		};
		5D0C6C582341BEAC00E6C0DC /* LaunchScreen.storyboard */ = {
			isa = PBXVariantGroup;
			children = (
				5D0C6C592341BEAC00E6C0DC /* Base */,
			);
			name = LaunchScreen.storyboard;
			sourceTree = "<group>";
		};
/* End PBXVariantGroup section */

/* Begin XCBuildConfiguration section */
		5D0C6C5C2341BEAC00E6C0DC /* Debug */ = {
			isa = XCBuildConfiguration;
			buildSettings = {
				ALWAYS_SEARCH_USER_PATHS = NO;
				CLANG_ANALYZER_NONNULL = YES;
				CLANG_ANALYZER_NUMBER_OBJECT_CONVERSION = YES_AGGRESSIVE;
				CLANG_CXX_LANGUAGE_STANDARD = "gnu++14";
				CLANG_CXX_LIBRARY = "libc++";
				CLANG_ENABLE_MODULES = YES;
				CLANG_ENABLE_OBJC_ARC = YES;
				CLANG_ENABLE_OBJC_WEAK = YES;
				CLANG_WARN_BLOCK_CAPTURE_AUTORELEASING = YES;
				CLANG_WARN_BOOL_CONVERSION = YES;
				CLANG_WARN_COMMA = YES;
				CLANG_WARN_CONSTANT_CONVERSION = YES;
				CLANG_WARN_DEPRECATED_OBJC_IMPLEMENTATIONS = YES;
				CLANG_WARN_DIRECT_OBJC_ISA_USAGE = YES_ERROR;
				CLANG_WARN_DOCUMENTATION_COMMENTS = YES;
				CLANG_WARN_EMPTY_BODY = YES;
				CLANG_WARN_ENUM_CONVERSION = YES;
				CLANG_WARN_INFINITE_RECURSION = YES;
				CLANG_WARN_INT_CONVERSION = YES;
				CLANG_WARN_NON_LITERAL_NULL_CONVERSION = YES;
				CLANG_WARN_OBJC_IMPLICIT_RETAIN_SELF = YES;
				CLANG_WARN_OBJC_LITERAL_CONVERSION = YES;
				CLANG_WARN_OBJC_ROOT_CLASS = YES_ERROR;
				CLANG_WARN_RANGE_LOOP_ANALYSIS = YES;
				CLANG_WARN_STRICT_PROTOTYPES = YES;
				CLANG_WARN_SUSPICIOUS_MOVE = YES;
				CLANG_WARN_UNGUARDED_AVAILABILITY = YES_AGGRESSIVE;
				CLANG_WARN_UNREACHABLE_CODE = YES;
				CLANG_WARN__DUPLICATE_METHOD_MATCH = YES;
				COPY_PHASE_STRIP = NO;
				DEBUG_INFORMATION_FORMAT = dwarf;
				ENABLE_STRICT_OBJC_MSGSEND = YES;
				ENABLE_TESTABILITY = YES;
				GCC_C_LANGUAGE_STANDARD = gnu11;
				GCC_DYNAMIC_NO_PIC = NO;
				GCC_NO_COMMON_BLOCKS = YES;
				GCC_OPTIMIZATION_LEVEL = 0;
				GCC_PREPROCESSOR_DEFINITIONS = (
					"DEBUG=1",
					"$(inherited)",
				);
				GCC_WARN_64_TO_32_BIT_CONVERSION = YES;
				GCC_WARN_ABOUT_RETURN_TYPE = YES_ERROR;
				GCC_WARN_UNDECLARED_SELECTOR = YES;
				GCC_WARN_UNINITIALIZED_AUTOS = YES_AGGRESSIVE;
				GCC_WARN_UNUSED_FUNCTION = YES;
				GCC_WARN_UNUSED_VARIABLE = YES;
				IPHONEOS_DEPLOYMENT_TARGET = 13.0;
				MTL_ENABLE_DEBUG_INFO = INCLUDE_SOURCE;
				MTL_FAST_MATH = YES;
				ONLY_ACTIVE_ARCH = YES;
				SDKROOT = iphoneos;
				SWIFT_ACTIVE_COMPILATION_CONDITIONS = DEBUG;
				SWIFT_OPTIMIZATION_LEVEL = "-Onone";
			};
			name = Debug;
		};
		5D0C6C5D2341BEAC00E6C0DC /* Release */ = {
			isa = XCBuildConfiguration;
			buildSettings = {
				ALWAYS_SEARCH_USER_PATHS = NO;
				CLANG_ANALYZER_NONNULL = YES;
				CLANG_ANALYZER_NUMBER_OBJECT_CONVERSION = YES_AGGRESSIVE;
				CLANG_CXX_LANGUAGE_STANDARD = "gnu++14";
				CLANG_CXX_LIBRARY = "libc++";
				CLANG_ENABLE_MODULES = YES;
				CLANG_ENABLE_OBJC_ARC = YES;
				CLANG_ENABLE_OBJC_WEAK = YES;
				CLANG_WARN_BLOCK_CAPTURE_AUTORELEASING = YES;
				CLANG_WARN_BOOL_CONVERSION = YES;
				CLANG_WARN_COMMA = YES;
				CLANG_WARN_CONSTANT_CONVERSION = YES;
				CLANG_WARN_DEPRECATED_OBJC_IMPLEMENTATIONS = YES;
				CLANG_WARN_DIRECT_OBJC_ISA_USAGE = YES_ERROR;
				CLANG_WARN_DOCUMENTATION_COMMENTS = YES;
				CLANG_WARN_EMPTY_BODY = YES;
				CLANG_WARN_ENUM_CONVERSION = YES;
				CLANG_WARN_INFINITE_RECURSION = YES;
				CLANG_WARN_INT_CONVERSION = YES;
				CLANG_WARN_NON_LITERAL_NULL_CONVERSION = YES;
				CLANG_WARN_OBJC_IMPLICIT_RETAIN_SELF = YES;
				CLANG_WARN_OBJC_LITERAL_CONVERSION = YES;
				CLANG_WARN_OBJC_ROOT_CLASS = YES_ERROR;
				CLANG_WARN_RANGE_LOOP_ANALYSIS = YES;
				CLANG_WARN_STRICT_PROTOTYPES = YES;
				CLANG_WARN_SUSPICIOUS_MOVE = YES;
				CLANG_WARN_UNGUARDED_AVAILABILITY = YES_AGGRESSIVE;
				CLANG_WARN_UNREACHABLE_CODE = YES;
				CLANG_WARN__DUPLICATE_METHOD_MATCH = YES;
				COPY_PHASE_STRIP = NO;
				DEBUG_INFORMATION_FORMAT = "dwarf-with-dsym";
				ENABLE_NS_ASSERTIONS = NO;
				ENABLE_STRICT_OBJC_MSGSEND = YES;
				GCC_C_LANGUAGE_STANDARD = gnu11;
				GCC_NO_COMMON_BLOCKS = YES;
				GCC_WARN_64_TO_32_BIT_CONVERSION = YES;
				GCC_WARN_ABOUT_RETURN_TYPE = YES_ERROR;
				GCC_WARN_UNDECLARED_SELECTOR = YES;
				GCC_WARN_UNINITIALIZED_AUTOS = YES_AGGRESSIVE;
				GCC_WARN_UNUSED_FUNCTION = YES;
				GCC_WARN_UNUSED_VARIABLE = YES;
				IPHONEOS_DEPLOYMENT_TARGET = 13.0;
				MTL_ENABLE_DEBUG_INFO = NO;
				MTL_FAST_MATH = YES;
				SDKROOT = iphoneos;
				SWIFT_COMPILATION_MODE = wholemodule;
				SWIFT_OPTIMIZATION_LEVEL = "-O";
				VALIDATE_PRODUCT = YES;
			};
			name = Release;
		};
		5D0C6C5F2341BEAC00E6C0DC /* Debug */ = {
			isa = XCBuildConfiguration;
			buildSettings = {
				ASSETCATALOG_COMPILER_APPICON_NAME = AppIcon;
				CODE_SIGN_STYLE = Automatic;
				INFOPLIST_FILE = SignatureView/Info.plist;
				LD_RUNPATH_SEARCH_PATHS = (
					"$(inherited)",
					"@executable_path/Frameworks",
				);
				PRODUCT_BUNDLE_IDENTIFIER = com.christianampe.SignatureView;
				PRODUCT_NAME = "$(TARGET_NAME)";
				SWIFT_VERSION = 5.0;
				TARGETED_DEVICE_FAMILY = "1,2";
			};
			name = Debug;
		};
		5D0C6C602341BEAC00E6C0DC /* Release */ = {
			isa = XCBuildConfiguration;
			buildSettings = {
				ASSETCATALOG_COMPILER_APPICON_NAME = AppIcon;
				CODE_SIGN_STYLE = Automatic;
				INFOPLIST_FILE = SignatureView/Info.plist;
				LD_RUNPATH_SEARCH_PATHS = (
					"$(inherited)",
					"@executable_path/Frameworks",
				);
				PRODUCT_BUNDLE_IDENTIFIER = com.christianampe.SignatureView;
				PRODUCT_NAME = "$(TARGET_NAME)";
				SWIFT_VERSION = 5.0;
				TARGETED_DEVICE_FAMILY = "1,2";
			};
			name = Release;
		};
/* End XCBuildConfiguration section */

/* Begin XCConfigurationList section */
		5D0C6C452341BEA900E6C0DC /* Build configuration list for PBXProject "SignatureView" */ = {
			isa = XCConfigurationList;
			buildConfigurations = (
				5D0C6C5C2341BEAC00E6C0DC /* Debug */,
				5D0C6C5D2341BEAC00E6C0DC /* Release */,
			);
			defaultConfigurationIsVisible = 0;
			defaultConfigurationName = Release;
		};
		5D0C6C5E2341BEAC00E6C0DC /* Build configuration list for PBXNativeTarget "SignatureView" */ = {
			isa = XCConfigurationList;
			buildConfigurations = (
				5D0C6C5F2341BEAC00E6C0DC /* Debug */,
				5D0C6C602341BEAC00E6C0DC /* Release */,
			);
			defaultConfigurationIsVisible = 0;
			defaultConfigurationName = Release;
		};
/* End XCConfigurationList section */
	};
	rootObject = 5D0C6C422341BEA900E6C0DC /* Project object */;
}
